
Microsoft Visual Studio Solution File, Format Version 12.00
# Visual Studio Version 17
VisualStudioVersion = 17.5.002.0
MinimumVisualStudioVersion = 10.0.40219.1
Project("{2150E333-8FDC-42A3-9474-1A3956D46DE8}") = "C# Basics", "C# Basics", "{7BA3D5F4-37B7-4626-B328-9338E6E23891}"
EndProject
Project("{9A19103F-16F7-4668-BE54-9A1E7A4F7556}") = "ex1_3", "C# Basics\ex1_3\ex1_3.csproj", "{632B56A2-80AC-41CE-ADAF-594C757BCD17}"
EndProject
Project("{9A19103F-16F7-4668-BE54-9A1E7A4F7556}") = "ex1_4", "C# Basics\ex1_4\ex1_4.csproj", "{D2D58FC6-8215-425B-BDE1-14993E260922}"
EndProject
Project("{9A19103F-16F7-4668-BE54-9A1E7A4F7556}") = "ex1_2", "C# Basics\ex1_2\ex1_2.csproj", "{FB886FA3-E04E-4A09-B01F-FFF24822527E}"
EndProject
Project("{9A19103F-16F7-4668-BE54-9A1E7A4F7556}") = "ex3_1", "C# Basics\ex3_1\ex3_1.csproj", "{A82AF3C4-1378-4F6F-820E-2153DF3EEC98}"
EndProject
Project("{9A19103F-16F7-4668-BE54-9A1E7A4F7556}") = "ex4_1", "C# Basics\ex4_1\ex4_1.csproj", "{28514EBD-1539-4260-A58A-80417E6A200E}"
EndProject
Project("{9A19103F-16F7-4668-BE54-9A1E7A4F7556}") = "ex2_3", "C# Basics\ex2_3\ex2_3.csproj", "{4AB7CD1B-ABE8-42FC-9833-537D6A2975E8}"
EndProject
Project("{9A19103F-16F7-4668-BE54-9A1E7A4F7556}") = "ex2_4", "C# Basics\ex2_4\ex2_4.csproj", "{21ED2B66-1014-4075-9247-C314AE8329E8}"
EndProject
Project("{9A19103F-16F7-4668-BE54-9A1E7A4F7556}") = "ex2_5", "C# Basics\ex2_5\ex2_5.csproj", "{0F559B6C-CDEE-415A-B805-70FFE1E69CC4}"
EndProject
Project("{9A19103F-16F7-4668-BE54-9A1E7A4F7556}") = "ex2_2", "C# Basics\ex2_2\ex2_2.csproj", "{D0D5775B-D527-4A81-B408-F948C5E8E05A}"
EndProject
Project("{9A19103F-16F7-4668-BE54-9A1E7A4F7556}") = "ex3_4", "C# Basics\ex3_4\ex3_4.csproj", "{0C9B194A-DE70-4875-A8C7-9C0189AE8862}"
EndProject
Project("{9A19103F-16F7-4668-BE54-9A1E7A4F7556}") = "ex3_3", "C# Basics\ex3_3\ex3_3.csproj", "{83802872-03ED-4BBC-A38F-ABBE05DB0F7A}"
EndProject
Project("{9A19103F-16F7-4668-BE54-9A1E7A4F7556}") = "C# Basics", "C# Basics\ex1_1\C# Basics.csproj", "{03A84766-9240-4BC4-828D-0D4A1FA28F40}"
EndProject
Project("{9A19103F-16F7-4668-BE54-9A1E7A4F7556}") = "ex3_2", "C# Basics\ex3_2\ex3_2.csproj", "{2D22C215-D585-4675-9099-A2960D6EA38D}"
EndProject
Project("{9A19103F-16F7-4668-BE54-9A1E7A4F7556}") = "ex3_5", "C# Basics\ex3_5\ex3_5.csproj", "{A880BAAC-14E2-4F3B-8673-44E188F095E7}"
EndProject
Project("{9A19103F-16F7-4668-BE54-9A1E7A4F7556}") = "ex2_1", "C# Basics\ex2_1\ex2_1.csproj", "{3C2C2518-31D4-4DB1-B21A-9B0355CE8AAB}"
EndProject
Global
	GlobalSection(SolutionConfigurationPlatforms) = preSolution
		Debug|Any CPU = Debug|Any CPU
		Release|Any CPU = Release|Any CPU
	EndGlobalSection
	GlobalSection(ProjectConfigurationPlatforms) = postSolution
		{632B56A2-80AC-41CE-ADAF-594C757BCD17}.Debug|Any CPU.ActiveCfg = Debug|Any CPU
		{632B56A2-80AC-41CE-ADAF-594C757BCD17}.Debug|Any CPU.Build.0 = Debug|Any CPU
		{632B56A2-80AC-41CE-ADAF-594C757BCD17}.Release|Any CPU.ActiveCfg = Release|Any CPU
		{632B56A2-80AC-41CE-ADAF-594C757BCD17}.Release|Any CPU.Build.0 = Release|Any CPU
		{D2D58FC6-8215-425B-BDE1-14993E260922}.Debug|Any CPU.ActiveCfg = Debug|Any CPU
		{D2D58FC6-8215-425B-BDE1-14993E260922}.Debug|Any CPU.Build.0 = Debug|Any CPU
		{D2D58FC6-8215-425B-BDE1-14993E260922}.Release|Any CPU.ActiveCfg = Release|Any CPU
		{D2D58FC6-8215-425B-BDE1-14993E260922}.Release|Any CPU.Build.0 = Release|Any CPU
		{FB886FA3-E04E-4A09-B01F-FFF24822527E}.Debug|Any CPU.ActiveCfg = Debug|Any CPU
		{FB886FA3-E04E-4A09-B01F-FFF24822527E}.Debug|Any CPU.Build.0 = Debug|Any CPU
		{FB886FA3-E04E-4A09-B01F-FFF24822527E}.Release|Any CPU.ActiveCfg = Release|Any CPU
		{FB886FA3-E04E-4A09-B01F-FFF24822527E}.Release|Any CPU.Build.0 = Release|Any CPU
		{A82AF3C4-1378-4F6F-820E-2153DF3EEC98}.Debug|Any CPU.ActiveCfg = Debug|Any CPU
		{A82AF3C4-1378-4F6F-820E-2153DF3EEC98}.Debug|Any CPU.Build.0 = Debug|Any CPU
		{A82AF3C4-1378-4F6F-820E-2153DF3EEC98}.Release|Any CPU.ActiveCfg = Release|Any CPU
		{A82AF3C4-1378-4F6F-820E-2153DF3EEC98}.Release|Any CPU.Build.0 = Release|Any CPU
		{28514EBD-1539-4260-A58A-80417E6A200E}.Debug|Any CPU.ActiveCfg = Debug|Any CPU
		{28514EBD-1539-4260-A58A-80417E6A200E}.Debug|Any CPU.Build.0 = Debug|Any CPU
		{28514EBD-1539-4260-A58A-80417E6A200E}.Release|Any CPU.ActiveCfg = Release|Any CPU
		{28514EBD-1539-4260-A58A-80417E6A200E}.Release|Any CPU.Build.0 = Release|Any CPU
		{4AB7CD1B-ABE8-42FC-9833-537D6A2975E8}.Debug|Any CPU.ActiveCfg = Debug|Any CPU
		{4AB7CD1B-ABE8-42FC-9833-537D6A2975E8}.Debug|Any CPU.Build.0 = Debug|Any CPU
		{4AB7CD1B-ABE8-42FC-9833-537D6A2975E8}.Release|Any CPU.ActiveCfg = Release|Any CPU
		{4AB7CD1B-ABE8-42FC-9833-537D6A2975E8}.Release|Any CPU.Build.0 = Release|Any CPU
		{21ED2B66-1014-4075-9247-C314AE8329E8}.Debug|Any CPU.ActiveCfg = Debug|Any CPU
		{21ED2B66-1014-4075-9247-C314AE8329E8}.Debug|Any CPU.Build.0 = Debug|Any CPU
		{21ED2B66-1014-4075-9247-C314AE8329E8}.Release|Any CPU.ActiveCfg = Release|Any CPU
		{21ED2B66-1014-4075-9247-C314AE8329E8}.Release|Any CPU.Build.0 = Release|Any CPU
		{0F559B6C-CDEE-415A-B805-70FFE1E69CC4}.Debug|Any CPU.ActiveCfg = Debug|Any CPU
		{0F559B6C-CDEE-415A-B805-70FFE1E69CC4}.Debug|Any CPU.Build.0 = Debug|Any CPU
		{0F559B6C-CDEE-415A-B805-70FFE1E69CC4}.Release|Any CPU.ActiveCfg = Release|Any CPU
		{0F559B6C-CDEE-415A-B805-70FFE1E69CC4}.Release|Any CPU.Build.0 = Release|Any CPU
		{D0D5775B-D527-4A81-B408-F948C5E8E05A}.Debug|Any CPU.ActiveCfg = Debug|Any CPU
		{D0D5775B-D527-4A81-B408-F948C5E8E05A}.Debug|Any CPU.Build.0 = Debug|Any CPU
		{D0D5775B-D527-4A81-B408-F948C5E8E05A}.Release|Any CPU.ActiveCfg = Release|Any CPU
		{D0D5775B-D527-4A81-B408-F948C5E8E05A}.Release|Any CPU.Build.0 = Release|Any CPU
		{0C9B194A-DE70-4875-A8C7-9C0189AE8862}.Debug|Any CPU.ActiveCfg = Debug|Any CPU
		{0C9B194A-DE70-4875-A8C7-9C0189AE8862}.Debug|Any CPU.Build.0 = Debug|Any CPU
		{0C9B194A-DE70-4875-A8C7-9C0189AE8862}.Release|Any CPU.ActiveCfg = Release|Any CPU
		{0C9B194A-DE70-4875-A8C7-9C0189AE8862}.Release|Any CPU.Build.0 = Release|Any CPU
		{83802872-03ED-4BBC-A38F-ABBE05DB0F7A}.Debug|Any CPU.ActiveCfg = Debug|Any CPU
		{83802872-03ED-4BBC-A38F-ABBE05DB0F7A}.Debug|Any CPU.Build.0 = Debug|Any CPU
		{83802872-03ED-4BBC-A38F-ABBE05DB0F7A}.Release|Any CPU.ActiveCfg = Release|Any CPU
		{83802872-03ED-4BBC-A38F-ABBE05DB0F7A}.Release|Any CPU.Build.0 = Release|Any CPU
		{03A84766-9240-4BC4-828D-0D4A1FA28F40}.Debug|Any CPU.ActiveCfg = Debug|Any CPU
		{03A84766-9240-4BC4-828D-0D4A1FA28F40}.Debug|Any CPU.Build.0 = Debug|Any CPU
		{03A84766-9240-4BC4-828D-0D4A1FA28F40}.Release|Any CPU.ActiveCfg = Release|Any CPU
		{03A84766-9240-4BC4-828D-0D4A1FA28F40}.Release|Any CPU.Build.0 = Release|Any CPU
		{2D22C215-D585-4675-9099-A2960D6EA38D}.Debug|Any CPU.ActiveCfg = Debug|Any CPU
		{2D22C215-D585-4675-9099-A2960D6EA38D}.Debug|Any CPU.Build.0 = Debug|Any CPU
		{2D22C215-D585-4675-9099-A2960D6EA38D}.Release|Any CPU.ActiveCfg = Release|Any CPU
		{2D22C215-D585-4675-9099-A2960D6EA38D}.Release|Any CPU.Build.0 = Release|Any CPU
		{A880BAAC-14E2-4F3B-8673-44E188F095E7}.Debug|Any CPU.ActiveCfg = Debug|Any CPU
		{A880BAAC-14E2-4F3B-8673-44E188F095E7}.Debug|Any CPU.Build.0 = Debug|Any CPU
		{A880BAAC-14E2-4F3B-8673-44E188F095E7}.Release|Any CPU.ActiveCfg = Release|Any CPU
		{A880BAAC-14E2-4F3B-8673-44E188F095E7}.Release|Any CPU.Build.0 = Release|Any CPU
		{3C2C2518-31D4-4DB1-B21A-9B0355CE8AAB}.Debug|Any CPU.ActiveCfg = Debug|Any CPU
		{3C2C2518-31D4-4DB1-B21A-9B0355CE8AAB}.Debug|Any CPU.Build.0 = Debug|Any CPU
		{3C2C2518-31D4-4DB1-B21A-9B0355CE8AAB}.Release|Any CPU.ActiveCfg = Release|Any CPU
		{3C2C2518-31D4-4DB1-B21A-9B0355CE8AAB}.Release|Any CPU.Build.0 = Release|Any CPU
	EndGlobalSection
	GlobalSection(SolutionProperties) = preSolution
		HideSolutionNode = FALSE
	EndGlobalSection
	GlobalSection(NestedProjects) = preSolution
		{632B56A2-80AC-41CE-ADAF-594C757BCD17} = {7BA3D5F4-37B7-4626-B328-9338E6E23891}
		{D2D58FC6-8215-425B-BDE1-14993E260922} = {7BA3D5F4-37B7-4626-B328-9338E6E23891}
		{FB886FA3-E04E-4A09-B01F-FFF24822527E} = {7BA3D5F4-37B7-4626-B328-9338E6E23891}
		{A82AF3C4-1378-4F6F-820E-2153DF3EEC98} = {7BA3D5F4-37B7-4626-B328-9338E6E23891}
		{28514EBD-1539-4260-A58A-80417E6A200E} = {7BA3D5F4-37B7-4626-B328-9338E6E23891}
		{4AB7CD1B-ABE8-42FC-9833-537D6A2975E8} = {7BA3D5F4-37B7-4626-B328-9338E6E23891}
		{21ED2B66-1014-4075-9247-C314AE8329E8} = {7BA3D5F4-37B7-4626-B328-9338E6E23891}
		{0F559B6C-CDEE-415A-B805-70FFE1E69CC4} = {7BA3D5F4-37B7-4626-B328-9338E6E23891}
		{D0D5775B-D527-4A81-B408-F948C5E8E05A} = {7BA3D5F4-37B7-4626-B328-9338E6E23891}
		{0C9B194A-DE70-4875-A8C7-9C0189AE8862} = {7BA3D5F4-37B7-4626-B328-9338E6E23891}
		{83802872-03ED-4BBC-A38F-ABBE05DB0F7A} = {7BA3D5F4-37B7-4626-B328-9338E6E23891}
		{03A84766-9240-4BC4-828D-0D4A1FA28F40} = {7BA3D5F4-37B7-4626-B328-9338E6E23891}
		{2D22C215-D585-4675-9099-A2960D6EA38D} = {7BA3D5F4-37B7-4626-B328-9338E6E23891}
		{A880BAAC-14E2-4F3B-8673-44E188F095E7} = {7BA3D5F4-37B7-4626-B328-9338E6E23891}
		{3C2C2518-31D4-4DB1-B21A-9B0355CE8AAB} = {7BA3D5F4-37B7-4626-B328-9338E6E23891}
	EndGlobalSection
	GlobalSection(ExtensibilityGlobals) = postSolution
		SolutionGuid = {69F20AF3-4897-4B61-91A3-CBABE34788B4}
	EndGlobalSection
EndGlobal
